
Microsoft Visual Studio Solution File, Format Version 12.00
# Visual Studio 15
VisualStudioVersion = 15.0.27703.2042
MinimumVisualStudioVersion = 10.0.40219.1
Project("{9A19103F-16F7-4668-BE54-9A1E7A4F7556}") = "minECS", "minECS\minECS.csproj", "{5397A4F9-B9FD-408F-AFEB-23A728B50231}"
EndProject
Project("{9A19103F-16F7-4668-BE54-9A1E7A4F7556}") = "CodeGenerator", "CodeGenerator\CodeGenerator.csproj", "{BBF438A9-CA90-408B-B0E2-D12FC37A0E0B}"
EndProject
Project("{8BC9CEB8-8B4A-11D0-8D11-00A0C91BC942}") = "BenchmarkEntt", "BenchmarkEntt\BenchmarkEntt.vcxproj", "{845B1F89-623A-4D3C-A768-365E880AE3DF}"
EndProject
Project("{9A19103F-16F7-4668-BE54-9A1E7A4F7556}") = "FastBuffers", "FastBuffers\FastBuffers.csproj", "{B4635C78-871E-4F53-9CDA-5FCBAFD77209}"
EndProject
Project("{9A19103F-16F7-4668-BE54-9A1E7A4F7556}") = "Testing", "Testing\Testing.csproj", "{EFBA91D6-A8B1-46A3-A9F8-0FFA5A1256C1}"
EndProject
Project("{9A19103F-16F7-4668-BE54-9A1E7A4F7556}") = "FNA.Core", "Testing\FNA\FNA.Core.csproj", "{44433CBA-B63C-4620-BC4D-A0917FA5C04A}"
EndProject
Project("{9A19103F-16F7-4668-BE54-9A1E7A4F7556}") = "TestGame", "TestGame\TestGame.csproj", "{8CC000D0-349C-4FC6-8797-AD10C2402FDC}"
EndProject
Project("{FAE04EC0-301F-11D3-BF4B-00C04F79EFBC}") = "BenchmarkMinECS", "BenchmarkMinECS\BenchmarkMinECS.csproj", "{5B39D899-4498-4C93-A0A0-A6DBB8276D7D}"
EndProject
Global
	GlobalSection(SolutionConfigurationPlatforms) = preSolution
		Debug|Any CPU = Debug|Any CPU
		Debug|x64 = Debug|x64
		Debug|x86 = Debug|x86
		Release|Any CPU = Release|Any CPU
		Release|x64 = Release|x64
		Release|x86 = Release|x86
	EndGlobalSection
	GlobalSection(ProjectConfigurationPlatforms) = postSolution
		{5397A4F9-B9FD-408F-AFEB-23A728B50231}.Debug|Any CPU.ActiveCfg = Debug|Any CPU
		{5397A4F9-B9FD-408F-AFEB-23A728B50231}.Debug|Any CPU.Build.0 = Debug|Any CPU
		{5397A4F9-B9FD-408F-AFEB-23A728B50231}.Debug|x64.ActiveCfg = Debug|x64
		{5397A4F9-B9FD-408F-AFEB-23A728B50231}.Debug|x64.Build.0 = Debug|x64
		{5397A4F9-B9FD-408F-AFEB-23A728B50231}.Debug|x86.ActiveCfg = Debug|Any CPU
		{5397A4F9-B9FD-408F-AFEB-23A728B50231}.Debug|x86.Build.0 = Debug|Any CPU
		{5397A4F9-B9FD-408F-AFEB-23A728B50231}.Release|Any CPU.ActiveCfg = Release|Any CPU
		{5397A4F9-B9FD-408F-AFEB-23A728B50231}.Release|Any CPU.Build.0 = Release|Any CPU
		{5397A4F9-B9FD-408F-AFEB-23A728B50231}.Release|x64.ActiveCfg = Release|x64
		{5397A4F9-B9FD-408F-AFEB-23A728B50231}.Release|x64.Build.0 = Release|x64
		{5397A4F9-B9FD-408F-AFEB-23A728B50231}.Release|x86.ActiveCfg = Release|Any CPU
		{5397A4F9-B9FD-408F-AFEB-23A728B50231}.Release|x86.Build.0 = Release|Any CPU
		{BBF438A9-CA90-408B-B0E2-D12FC37A0E0B}.Debug|Any CPU.ActiveCfg = Debug|Any CPU
		{BBF438A9-CA90-408B-B0E2-D12FC37A0E0B}.Debug|Any CPU.Build.0 = Debug|Any CPU
		{BBF438A9-CA90-408B-B0E2-D12FC37A0E0B}.Debug|x64.ActiveCfg = Debug|Any CPU
		{BBF438A9-CA90-408B-B0E2-D12FC37A0E0B}.Debug|x64.Build.0 = Debug|Any CPU
		{BBF438A9-CA90-408B-B0E2-D12FC37A0E0B}.Debug|x86.ActiveCfg = Debug|Any CPU
		{BBF438A9-CA90-408B-B0E2-D12FC37A0E0B}.Debug|x86.Build.0 = Debug|Any CPU
		{BBF438A9-CA90-408B-B0E2-D12FC37A0E0B}.Release|Any CPU.ActiveCfg = Release|Any CPU
		{BBF438A9-CA90-408B-B0E2-D12FC37A0E0B}.Release|Any CPU.Build.0 = Release|Any CPU
		{BBF438A9-CA90-408B-B0E2-D12FC37A0E0B}.Release|x64.ActiveCfg = Release|Any CPU
		{BBF438A9-CA90-408B-B0E2-D12FC37A0E0B}.Release|x64.Build.0 = Release|Any CPU
		{BBF438A9-CA90-408B-B0E2-D12FC37A0E0B}.Release|x86.ActiveCfg = Release|Any CPU
		{BBF438A9-CA90-408B-B0E2-D12FC37A0E0B}.Release|x86.Build.0 = Release|Any CPU
		{845B1F89-623A-4D3C-A768-365E880AE3DF}.Debug|Any CPU.ActiveCfg = Debug|x64
		{845B1F89-623A-4D3C-A768-365E880AE3DF}.Debug|Any CPU.Build.0 = Debug|x64
		{845B1F89-623A-4D3C-A768-365E880AE3DF}.Debug|x64.ActiveCfg = Debug|x64
		{845B1F89-623A-4D3C-A768-365E880AE3DF}.Debug|x64.Build.0 = Debug|x64
		{845B1F89-623A-4D3C-A768-365E880AE3DF}.Debug|x86.ActiveCfg = Debug|Win32
		{845B1F89-623A-4D3C-A768-365E880AE3DF}.Debug|x86.Build.0 = Debug|Win32
		{845B1F89-623A-4D3C-A768-365E880AE3DF}.Release|Any CPU.ActiveCfg = Release|x64
		{845B1F89-623A-4D3C-A768-365E880AE3DF}.Release|Any CPU.Build.0 = Release|x64
		{845B1F89-623A-4D3C-A768-365E880AE3DF}.Release|x64.ActiveCfg = Release|x64
		{845B1F89-623A-4D3C-A768-365E880AE3DF}.Release|x64.Build.0 = Release|x64
		{845B1F89-623A-4D3C-A768-365E880AE3DF}.Release|x86.ActiveCfg = Release|Win32
		{845B1F89-623A-4D3C-A768-365E880AE3DF}.Release|x86.Build.0 = Release|Win32
		{B4635C78-871E-4F53-9CDA-5FCBAFD77209}.Debug|Any CPU.ActiveCfg = Debug|Any CPU
		{B4635C78-871E-4F53-9CDA-5FCBAFD77209}.Debug|Any CPU.Build.0 = Debug|Any CPU
		{B4635C78-871E-4F53-9CDA-5FCBAFD77209}.Debug|x64.ActiveCfg = Debug|Any CPU
		{B4635C78-871E-4F53-9CDA-5FCBAFD77209}.Debug|x64.Build.0 = Debug|Any CPU
		{B4635C78-871E-4F53-9CDA-5FCBAFD77209}.Debug|x86.ActiveCfg = Debug|Any CPU
		{B4635C78-871E-4F53-9CDA-5FCBAFD77209}.Debug|x86.Build.0 = Debug|Any CPU
		{B4635C78-871E-4F53-9CDA-5FCBAFD77209}.Release|Any CPU.ActiveCfg = Release|Any CPU
		{B4635C78-871E-4F53-9CDA-5FCBAFD77209}.Release|Any CPU.Build.0 = Release|Any CPU
		{B4635C78-871E-4F53-9CDA-5FCBAFD77209}.Release|x64.ActiveCfg = Release|Any CPU
		{B4635C78-871E-4F53-9CDA-5FCBAFD77209}.Release|x64.Build.0 = Release|Any CPU
		{B4635C78-871E-4F53-9CDA-5FCBAFD77209}.Release|x86.ActiveCfg = Release|Any CPU
		{B4635C78-871E-4F53-9CDA-5FCBAFD77209}.Release|x86.Build.0 = Release|Any CPU
		{EFBA91D6-A8B1-46A3-A9F8-0FFA5A1256C1}.Debug|Any CPU.ActiveCfg = Debug|Any CPU
		{EFBA91D6-A8B1-46A3-A9F8-0FFA5A1256C1}.Debug|Any CPU.Build.0 = Debug|Any CPU
		{EFBA91D6-A8B1-46A3-A9F8-0FFA5A1256C1}.Debug|x64.ActiveCfg = Debug|Any CPU
		{EFBA91D6-A8B1-46A3-A9F8-0FFA5A1256C1}.Debug|x64.Build.0 = Debug|Any CPU
		{EFBA91D6-A8B1-46A3-A9F8-0FFA5A1256C1}.Debug|x86.ActiveCfg = Debug|Any CPU
		{EFBA91D6-A8B1-46A3-A9F8-0FFA5A1256C1}.Debug|x86.Build.0 = Debug|Any CPU
		{EFBA91D6-A8B1-46A3-A9F8-0FFA5A1256C1}.Release|Any CPU.ActiveCfg = Release|Any CPU
		{EFBA91D6-A8B1-46A3-A9F8-0FFA5A1256C1}.Release|Any CPU.Build.0 = Release|Any CPU
		{EFBA91D6-A8B1-46A3-A9F8-0FFA5A1256C1}.Release|x64.ActiveCfg = Release|Any CPU
		{EFBA91D6-A8B1-46A3-A9F8-0FFA5A1256C1}.Release|x64.Build.0 = Release|Any CPU
		{EFBA91D6-A8B1-46A3-A9F8-0FFA5A1256C1}.Release|x86.ActiveCfg = Release|Any CPU
		{EFBA91D6-A8B1-46A3-A9F8-0FFA5A1256C1}.Release|x86.Build.0 = Release|Any CPU
		{44433CBA-B63C-4620-BC4D-A0917FA5C04A}.Debug|Any CPU.ActiveCfg = Debug|x64
		{44433CBA-B63C-4620-BC4D-A0917FA5C04A}.Debug|x64.ActiveCfg = Debug|x64
		{44433CBA-B63C-4620-BC4D-A0917FA5C04A}.Debug|x64.Build.0 = Debug|x64
		{44433CBA-B63C-4620-BC4D-A0917FA5C04A}.Debug|x86.ActiveCfg = Debug|x64
		{44433CBA-B63C-4620-BC4D-A0917FA5C04A}.Release|Any CPU.ActiveCfg = Release|x64
		{44433CBA-B63C-4620-BC4D-A0917FA5C04A}.Release|x64.ActiveCfg = Release|x64
		{44433CBA-B63C-4620-BC4D-A0917FA5C04A}.Release|x64.Build.0 = Release|x64
		{44433CBA-B63C-4620-BC4D-A0917FA5C04A}.Release|x86.ActiveCfg = Release|x64
		{8CC000D0-349C-4FC6-8797-AD10C2402FDC}.Debug|Any CPU.ActiveCfg = Debug|Any CPU
		{8CC000D0-349C-4FC6-8797-AD10C2402FDC}.Debug|Any CPU.Build.0 = Debug|Any CPU
		{8CC000D0-349C-4FC6-8797-AD10C2402FDC}.Debug|x64.ActiveCfg = Debug|Any CPU
		{8CC000D0-349C-4FC6-8797-AD10C2402FDC}.Debug|x64.Build.0 = Debug|Any CPU
		{8CC000D0-349C-4FC6-8797-AD10C2402FDC}.Debug|x86.ActiveCfg = Debug|Any CPU
		{8CC000D0-349C-4FC6-8797-AD10C2402FDC}.Debug|x86.Build.0 = Debug|Any CPU
		{8CC000D0-349C-4FC6-8797-AD10C2402FDC}.Release|Any CPU.ActiveCfg = Release|Any CPU
		{8CC000D0-349C-4FC6-8797-AD10C2402FDC}.Release|Any CPU.Build.0 = Release|Any CPU
		{8CC000D0-349C-4FC6-8797-AD10C2402FDC}.Release|x64.ActiveCfg = Release|Any CPU
		{8CC000D0-349C-4FC6-8797-AD10C2402FDC}.Release|x64.Build.0 = Release|Any CPU
		{8CC000D0-349C-4FC6-8797-AD10C2402FDC}.Release|x86.ActiveCfg = Release|Any CPU
		{8CC000D0-349C-4FC6-8797-AD10C2402FDC}.Release|x86.Build.0 = Release|Any CPU
		{5B39D899-4498-4C93-A0A0-A6DBB8276D7D}.Debug|Any CPU.ActiveCfg = Debug|Any CPU
		{5B39D899-4498-4C93-A0A0-A6DBB8276D7D}.Debug|Any CPU.Build.0 = Debug|Any CPU
		{5B39D899-4498-4C93-A0A0-A6DBB8276D7D}.Debug|x64.ActiveCfg = Debug|Any CPU
		{5B39D899-4498-4C93-A0A0-A6DBB8276D7D}.Debug|x64.Build.0 = Debug|Any CPU
		{5B39D899-4498-4C93-A0A0-A6DBB8276D7D}.Debug|x86.ActiveCfg = Debug|Any CPU
		{5B39D899-4498-4C93-A0A0-A6DBB8276D7D}.Debug|x86.Build.0 = Debug|Any CPU
		{5B39D899-4498-4C93-A0A0-A6DBB8276D7D}.Release|Any CPU.ActiveCfg = Release|Any CPU
		{5B39D899-4498-4C93-A0A0-A6DBB8276D7D}.Release|Any CPU.Build.0 = Release|Any CPU
		{5B39D899-4498-4C93-A0A0-A6DBB8276D7D}.Release|x64.ActiveCfg = Release|Any CPU
		{5B39D899-4498-4C93-A0A0-A6DBB8276D7D}.Release|x64.Build.0 = Release|Any CPU
		{5B39D899-4498-4C93-A0A0-A6DBB8276D7D}.Release|x86.ActiveCfg = Release|Any CPU
		{5B39D899-4498-4C93-A0A0-A6DBB8276D7D}.Release|x86.Build.0 = Release|Any CPU
	EndGlobalSection
	GlobalSection(SolutionProperties) = preSolution
		HideSolutionNode = FALSE
	EndGlobalSection
	GlobalSection(ExtensibilityGlobals) = postSolution
		SolutionGuid = {B7AC835B-D5E6-4309-804E-A9F6C8D22647}
	EndGlobalSection
EndGlobal
