
Microsoft Visual Studio Solution File, Format Version 12.00
# Visual Studio 15
VisualStudioVersion = 15.0.27703.2042
MinimumVisualStudioVersion = 10.0.40219.1
Project("{9A19103F-16F7-4668-BE54-9A1E7A4F7556}") = "minECS", "minECS\minECS.csproj", "{5397A4F9-B9FD-408F-AFEB-23A728B50231}"
EndProject
Project("{9A19103F-16F7-4668-BE54-9A1E7A4F7556}") = "CodeGenerator", "CodeGenerator\CodeGenerator.csproj", "{BBF438A9-CA90-408B-B0E2-D12FC37A0E0B}"
EndProject
Project("{8BC9CEB8-8B4A-11D0-8D11-00A0C91BC942}") = "BenchmarkEntt", "BenchmarkEntt\BenchmarkEntt.vcxproj", "{845B1F89-623A-4D3C-A768-365E880AE3DF}"
EndProject
Project("{9A19103F-16F7-4668-BE54-9A1E7A4F7556}") = "FastBuffers", "FastBuffers\FastBuffers.csproj", "{B4635C78-871E-4F53-9CDA-5FCBAFD77209}"
EndProject
Project("{9A19103F-16F7-4668-BE54-9A1E7A4F7556}") = "Testing", "Testing\Testing.csproj", "{EFBA91D6-A8B1-46A3-A9F8-0FFA5A1256C1}"
EndProject
Project("{9A19103F-16F7-4668-BE54-9A1E7A4F7556}") = "TestGame", "TestGame\TestGame.csproj", "{8CC000D0-349C-4FC6-8797-AD10C2402FDC}"
EndProject
Project("{9A19103F-16F7-4668-BE54-9A1E7A4F7556}") = "BenchmarkMinECS", "BenchmarkMinECS\BenchmarkMinECS.csproj", "{5B39D899-4498-4C93-A0A0-A6DBB8276D7D}"
EndProject
Project("{9A19103F-16F7-4668-BE54-9A1E7A4F7556}") = "Archetypes", "Archetypes\Archetypes.csproj", "{2EA615DC-D0FE-46EA-836C-EAC453D8B63C}"
EndProject
Project("{9A19103F-16F7-4668-BE54-9A1E7A4F7556}") = "ArchetypesUnitTests", "ArchetypesUnitTests\ArchetypesUnitTests.csproj", "{BC2DB153-91F4-4F3C-A4FB-93AFD8941170}"
EndProject
Project("{9A19103F-16F7-4668-BE54-9A1E7A4F7556}") = "ArchetypesVariadicsGenerator", "ArchetypesVariadicsGenerator\ArchetypesVariadicsGenerator.csproj", "{C74D4C96-ADC8-4E88-953D-36A88EC8B2F0}"
EndProject
Project("{9A19103F-16F7-4668-BE54-9A1E7A4F7556}") = "BenchmarkArchetypes", "BenchmarkArchetypes\BenchmarkArchetypes.csproj", "{E308BF62-6B60-4890-881F-09E9BD394CF1}"
EndProject
Project("{9A19103F-16F7-4668-BE54-9A1E7A4F7556}") = "TestGameArchetypes", "TestGameArchetypes\TestGameArchetypes.csproj", "{02CD5F80-400C-4C01-A9E2-363E2DDF7831}"
EndProject
Project("{9A19103F-16F7-4668-BE54-9A1E7A4F7556}") = "FNA.Core", "FNA\FNA.Core.csproj", "{43441B94-37A4-41FB-B2C7-9E4388BFC4B0}"
EndProject
Project("{FAE04EC0-301F-11D3-BF4B-00C04F79EFBC}") = "_DebugFalseSharing", "_DebugFalseSharing\_DebugFalseSharing.csproj", "{957B2D21-DDDF-4262-A701-69108224B79B}"
EndProject
Global
	GlobalSection(SolutionConfigurationPlatforms) = preSolution
		Debug|Any CPU = Debug|Any CPU
		Debug|x64 = Debug|x64
		Release|Any CPU = Release|Any CPU
		Release|x64 = Release|x64
	EndGlobalSection
	GlobalSection(ProjectConfigurationPlatforms) = postSolution
		{5397A4F9-B9FD-408F-AFEB-23A728B50231}.Debug|Any CPU.ActiveCfg = Debug|Any CPU
		{5397A4F9-B9FD-408F-AFEB-23A728B50231}.Debug|Any CPU.Build.0 = Debug|Any CPU
		{5397A4F9-B9FD-408F-AFEB-23A728B50231}.Debug|x64.ActiveCfg = Debug|x64
		{5397A4F9-B9FD-408F-AFEB-23A728B50231}.Debug|x64.Build.0 = Debug|x64
		{5397A4F9-B9FD-408F-AFEB-23A728B50231}.Release|Any CPU.ActiveCfg = Release|Any CPU
		{5397A4F9-B9FD-408F-AFEB-23A728B50231}.Release|Any CPU.Build.0 = Release|Any CPU
		{5397A4F9-B9FD-408F-AFEB-23A728B50231}.Release|x64.ActiveCfg = Release|x64
		{5397A4F9-B9FD-408F-AFEB-23A728B50231}.Release|x64.Build.0 = Release|x64
		{BBF438A9-CA90-408B-B0E2-D12FC37A0E0B}.Debug|Any CPU.ActiveCfg = Debug|Any CPU
		{BBF438A9-CA90-408B-B0E2-D12FC37A0E0B}.Debug|Any CPU.Build.0 = Debug|Any CPU
		{BBF438A9-CA90-408B-B0E2-D12FC37A0E0B}.Debug|x64.ActiveCfg = Debug|x64
		{BBF438A9-CA90-408B-B0E2-D12FC37A0E0B}.Debug|x64.Build.0 = Debug|x64
		{BBF438A9-CA90-408B-B0E2-D12FC37A0E0B}.Release|Any CPU.ActiveCfg = Release|Any CPU
		{BBF438A9-CA90-408B-B0E2-D12FC37A0E0B}.Release|Any CPU.Build.0 = Release|Any CPU
		{BBF438A9-CA90-408B-B0E2-D12FC37A0E0B}.Release|x64.ActiveCfg = Release|x64
		{BBF438A9-CA90-408B-B0E2-D12FC37A0E0B}.Release|x64.Build.0 = Release|x64
		{845B1F89-623A-4D3C-A768-365E880AE3DF}.Debug|Any CPU.ActiveCfg = Debug|Win32
		{845B1F89-623A-4D3C-A768-365E880AE3DF}.Debug|x64.ActiveCfg = Debug|x64
		{845B1F89-623A-4D3C-A768-365E880AE3DF}.Debug|x64.Build.0 = Debug|x64
		{845B1F89-623A-4D3C-A768-365E880AE3DF}.Release|Any CPU.ActiveCfg = Release|Win32
		{845B1F89-623A-4D3C-A768-365E880AE3DF}.Release|x64.ActiveCfg = Release|x64
		{845B1F89-623A-4D3C-A768-365E880AE3DF}.Release|x64.Build.0 = Release|x64
		{B4635C78-871E-4F53-9CDA-5FCBAFD77209}.Debug|Any CPU.ActiveCfg = Debug|Any CPU
		{B4635C78-871E-4F53-9CDA-5FCBAFD77209}.Debug|Any CPU.Build.0 = Debug|Any CPU
		{B4635C78-871E-4F53-9CDA-5FCBAFD77209}.Debug|x64.ActiveCfg = Debug|x64
		{B4635C78-871E-4F53-9CDA-5FCBAFD77209}.Debug|x64.Build.0 = Debug|x64
		{B4635C78-871E-4F53-9CDA-5FCBAFD77209}.Release|Any CPU.ActiveCfg = Release|Any CPU
		{B4635C78-871E-4F53-9CDA-5FCBAFD77209}.Release|Any CPU.Build.0 = Release|Any CPU
		{B4635C78-871E-4F53-9CDA-5FCBAFD77209}.Release|x64.ActiveCfg = Release|x64
		{B4635C78-871E-4F53-9CDA-5FCBAFD77209}.Release|x64.Build.0 = Release|x64
		{EFBA91D6-A8B1-46A3-A9F8-0FFA5A1256C1}.Debug|Any CPU.ActiveCfg = Debug|Any CPU
		{EFBA91D6-A8B1-46A3-A9F8-0FFA5A1256C1}.Debug|Any CPU.Build.0 = Debug|Any CPU
		{EFBA91D6-A8B1-46A3-A9F8-0FFA5A1256C1}.Debug|x64.ActiveCfg = Debug|x64
		{EFBA91D6-A8B1-46A3-A9F8-0FFA5A1256C1}.Debug|x64.Build.0 = Debug|x64
		{EFBA91D6-A8B1-46A3-A9F8-0FFA5A1256C1}.Release|Any CPU.ActiveCfg = Release|Any CPU
		{EFBA91D6-A8B1-46A3-A9F8-0FFA5A1256C1}.Release|Any CPU.Build.0 = Release|Any CPU
		{EFBA91D6-A8B1-46A3-A9F8-0FFA5A1256C1}.Release|x64.ActiveCfg = Release|x64
		{EFBA91D6-A8B1-46A3-A9F8-0FFA5A1256C1}.Release|x64.Build.0 = Release|x64
		{8CC000D0-349C-4FC6-8797-AD10C2402FDC}.Debug|Any CPU.ActiveCfg = Debug|Any CPU
		{8CC000D0-349C-4FC6-8797-AD10C2402FDC}.Debug|Any CPU.Build.0 = Debug|Any CPU
		{8CC000D0-349C-4FC6-8797-AD10C2402FDC}.Debug|x64.ActiveCfg = Debug|x64
		{8CC000D0-349C-4FC6-8797-AD10C2402FDC}.Debug|x64.Build.0 = Debug|x64
		{8CC000D0-349C-4FC6-8797-AD10C2402FDC}.Release|Any CPU.ActiveCfg = Release|Any CPU
		{8CC000D0-349C-4FC6-8797-AD10C2402FDC}.Release|Any CPU.Build.0 = Release|Any CPU
		{8CC000D0-349C-4FC6-8797-AD10C2402FDC}.Release|x64.ActiveCfg = Release|x64
		{8CC000D0-349C-4FC6-8797-AD10C2402FDC}.Release|x64.Build.0 = Release|x64
		{5B39D899-4498-4C93-A0A0-A6DBB8276D7D}.Debug|Any CPU.ActiveCfg = Debug|Any CPU
		{5B39D899-4498-4C93-A0A0-A6DBB8276D7D}.Debug|Any CPU.Build.0 = Debug|Any CPU
		{5B39D899-4498-4C93-A0A0-A6DBB8276D7D}.Debug|x64.ActiveCfg = Debug|x64
		{5B39D899-4498-4C93-A0A0-A6DBB8276D7D}.Debug|x64.Build.0 = Debug|x64
		{5B39D899-4498-4C93-A0A0-A6DBB8276D7D}.Release|Any CPU.ActiveCfg = Release|Any CPU
		{5B39D899-4498-4C93-A0A0-A6DBB8276D7D}.Release|Any CPU.Build.0 = Release|Any CPU
		{5B39D899-4498-4C93-A0A0-A6DBB8276D7D}.Release|x64.ActiveCfg = Release|x64
		{5B39D899-4498-4C93-A0A0-A6DBB8276D7D}.Release|x64.Build.0 = Release|x64
		{2EA615DC-D0FE-46EA-836C-EAC453D8B63C}.Debug|Any CPU.ActiveCfg = Debug|Any CPU
		{2EA615DC-D0FE-46EA-836C-EAC453D8B63C}.Debug|Any CPU.Build.0 = Debug|Any CPU
		{2EA615DC-D0FE-46EA-836C-EAC453D8B63C}.Debug|x64.ActiveCfg = Debug|x64
		{2EA615DC-D0FE-46EA-836C-EAC453D8B63C}.Debug|x64.Build.0 = Debug|x64
		{2EA615DC-D0FE-46EA-836C-EAC453D8B63C}.Release|Any CPU.ActiveCfg = Release|Any CPU
		{2EA615DC-D0FE-46EA-836C-EAC453D8B63C}.Release|Any CPU.Build.0 = Release|Any CPU
		{2EA615DC-D0FE-46EA-836C-EAC453D8B63C}.Release|x64.ActiveCfg = Release|x64
		{2EA615DC-D0FE-46EA-836C-EAC453D8B63C}.Release|x64.Build.0 = Release|x64
		{BC2DB153-91F4-4F3C-A4FB-93AFD8941170}.Debug|Any CPU.ActiveCfg = Debug|Any CPU
		{BC2DB153-91F4-4F3C-A4FB-93AFD8941170}.Debug|Any CPU.Build.0 = Debug|Any CPU
		{BC2DB153-91F4-4F3C-A4FB-93AFD8941170}.Debug|x64.ActiveCfg = Debug|x64
		{BC2DB153-91F4-4F3C-A4FB-93AFD8941170}.Debug|x64.Build.0 = Debug|x64
		{BC2DB153-91F4-4F3C-A4FB-93AFD8941170}.Release|Any CPU.ActiveCfg = Release|Any CPU
		{BC2DB153-91F4-4F3C-A4FB-93AFD8941170}.Release|Any CPU.Build.0 = Release|Any CPU
		{BC2DB153-91F4-4F3C-A4FB-93AFD8941170}.Release|x64.ActiveCfg = Release|x64
		{BC2DB153-91F4-4F3C-A4FB-93AFD8941170}.Release|x64.Build.0 = Release|x64
		{C74D4C96-ADC8-4E88-953D-36A88EC8B2F0}.Debug|Any CPU.ActiveCfg = Debug|Any CPU
		{C74D4C96-ADC8-4E88-953D-36A88EC8B2F0}.Debug|Any CPU.Build.0 = Debug|Any CPU
		{C74D4C96-ADC8-4E88-953D-36A88EC8B2F0}.Debug|x64.ActiveCfg = Debug|x64
		{C74D4C96-ADC8-4E88-953D-36A88EC8B2F0}.Debug|x64.Build.0 = Debug|x64
		{C74D4C96-ADC8-4E88-953D-36A88EC8B2F0}.Release|Any CPU.ActiveCfg = Release|Any CPU
		{C74D4C96-ADC8-4E88-953D-36A88EC8B2F0}.Release|Any CPU.Build.0 = Release|Any CPU
		{C74D4C96-ADC8-4E88-953D-36A88EC8B2F0}.Release|x64.ActiveCfg = Release|x64
		{C74D4C96-ADC8-4E88-953D-36A88EC8B2F0}.Release|x64.Build.0 = Release|x64
		{E308BF62-6B60-4890-881F-09E9BD394CF1}.Debug|Any CPU.ActiveCfg = Debug|Any CPU
		{E308BF62-6B60-4890-881F-09E9BD394CF1}.Debug|Any CPU.Build.0 = Debug|Any CPU
		{E308BF62-6B60-4890-881F-09E9BD394CF1}.Debug|x64.ActiveCfg = Debug|x64
		{E308BF62-6B60-4890-881F-09E9BD394CF1}.Debug|x64.Build.0 = Debug|x64
		{E308BF62-6B60-4890-881F-09E9BD394CF1}.Release|Any CPU.ActiveCfg = Release|Any CPU
		{E308BF62-6B60-4890-881F-09E9BD394CF1}.Release|Any CPU.Build.0 = Release|Any CPU
		{E308BF62-6B60-4890-881F-09E9BD394CF1}.Release|x64.ActiveCfg = Release|x64
		{E308BF62-6B60-4890-881F-09E9BD394CF1}.Release|x64.Build.0 = Release|x64
		{02CD5F80-400C-4C01-A9E2-363E2DDF7831}.Debug|Any CPU.ActiveCfg = Debug|Any CPU
		{02CD5F80-400C-4C01-A9E2-363E2DDF7831}.Debug|Any CPU.Build.0 = Debug|Any CPU
		{02CD5F80-400C-4C01-A9E2-363E2DDF7831}.Debug|x64.ActiveCfg = Debug|x64
		{02CD5F80-400C-4C01-A9E2-363E2DDF7831}.Debug|x64.Build.0 = Debug|x64
		{02CD5F80-400C-4C01-A9E2-363E2DDF7831}.Release|Any CPU.ActiveCfg = Release|Any CPU
		{02CD5F80-400C-4C01-A9E2-363E2DDF7831}.Release|Any CPU.Build.0 = Release|Any CPU
		{02CD5F80-400C-4C01-A9E2-363E2DDF7831}.Release|x64.ActiveCfg = Release|x64
		{02CD5F80-400C-4C01-A9E2-363E2DDF7831}.Release|x64.Build.0 = Release|x64
		{43441B94-37A4-41FB-B2C7-9E4388BFC4B0}.Debug|Any CPU.ActiveCfg = Debug|x64
		{43441B94-37A4-41FB-B2C7-9E4388BFC4B0}.Debug|x64.ActiveCfg = Debug|x64
		{43441B94-37A4-41FB-B2C7-9E4388BFC4B0}.Debug|x64.Build.0 = Debug|x64
		{43441B94-37A4-41FB-B2C7-9E4388BFC4B0}.Release|Any CPU.ActiveCfg = Release|x64
		{43441B94-37A4-41FB-B2C7-9E4388BFC4B0}.Release|x64.ActiveCfg = Release|x64
		{43441B94-37A4-41FB-B2C7-9E4388BFC4B0}.Release|x64.Build.0 = Release|x64
		{957B2D21-DDDF-4262-A701-69108224B79B}.Debug|Any CPU.ActiveCfg = Debug|Any CPU
		{957B2D21-DDDF-4262-A701-69108224B79B}.Debug|Any CPU.Build.0 = Debug|Any CPU
		{957B2D21-DDDF-4262-A701-69108224B79B}.Debug|x64.ActiveCfg = Debug|Any CPU
		{957B2D21-DDDF-4262-A701-69108224B79B}.Debug|x64.Build.0 = Debug|Any CPU
		{957B2D21-DDDF-4262-A701-69108224B79B}.Release|Any CPU.ActiveCfg = Release|Any CPU
		{957B2D21-DDDF-4262-A701-69108224B79B}.Release|Any CPU.Build.0 = Release|Any CPU
		{957B2D21-DDDF-4262-A701-69108224B79B}.Release|x64.ActiveCfg = Release|Any CPU
		{957B2D21-DDDF-4262-A701-69108224B79B}.Release|x64.Build.0 = Release|Any CPU
	EndGlobalSection
	GlobalSection(SolutionProperties) = preSolution
		HideSolutionNode = FALSE
	EndGlobalSection
	GlobalSection(ExtensibilityGlobals) = postSolution
		SolutionGuid = {B7AC835B-D5E6-4309-804E-A9F6C8D22647}
	EndGlobalSection
EndGlobal
